// !$*UTF8*$!
{
	archiveVersion = 1;
	classes = {
	};
	objectVersion = 50;
	objects = {

/* Begin PBXBuildFile section */
		193B451025FB8D6400039B33 /* AppDelegate.swift in Sources */ = {isa = PBXBuildFile; fileRef = 193B450F25FB8D6400039B33 /* AppDelegate.swift */; };
		193B451225FB8D6400039B33 /* SceneDelegate.swift in Sources */ = {isa = PBXBuildFile; fileRef = 193B451125FB8D6400039B33 /* SceneDelegate.swift */; };
		193B451425FB8D6400039B33 /* ViewController.swift in Sources */ = {isa = PBXBuildFile; fileRef = 193B451325FB8D6400039B33 /* ViewController.swift */; };
		193B451725FB8D6400039B33 /* Main.storyboard in Resources */ = {isa = PBXBuildFile; fileRef = 193B451525FB8D6400039B33 /* Main.storyboard */; };
		193B451925FB8D6700039B33 /* Assets.xcassets in Resources */ = {isa = PBXBuildFile; fileRef = 193B451825FB8D6700039B33 /* Assets.xcassets */; };
		193B451C25FB8D6700039B33 /* LaunchScreen.storyboard in Resources */ = {isa = PBXBuildFile; fileRef = 193B451A25FB8D6700039B33 /* LaunchScreen.storyboard */; };
		193B452525FBA8CE00039B33 /* MenuViewController.swift in Sources */ = {isa = PBXBuildFile; fileRef = 193B452425FBA8CE00039B33 /* MenuViewController.swift */; };
		193B452F25FBAA4A00039B33 /* ProductCell.swift in Sources */ = {isa = PBXBuildFile; fileRef = 193B452D25FBAA4A00039B33 /* ProductCell.swift */; };
		193B453025FBAA4A00039B33 /* ProductCell.xib in Resources */ = {isa = PBXBuildFile; fileRef = 193B452E25FBAA4A00039B33 /* ProductCell.xib */; };
		193B453325FBADAB00039B33 /* MenuModel.swift in Sources */ = {isa = PBXBuildFile; fileRef = 193B453225FBADAB00039B33 /* MenuModel.swift */; };
		19449D3A25FF94570096BA6A /* GroupCell.swift in Sources */ = {isa = PBXBuildFile; fileRef = 19449D3825FF94570096BA6A /* GroupCell.swift */; };
		19449D3B25FF94570096BA6A /* GroupCell.xib in Resources */ = {isa = PBXBuildFile; fileRef = 19449D3925FF94570096BA6A /* GroupCell.xib */; };
		19449D3F2600C9DB0096BA6A /* MainViewController.swift in Sources */ = {isa = PBXBuildFile; fileRef = 19449D3E2600C9DB0096BA6A /* MainViewController.swift */; };
		19449D562601E13A0096BA6A /* MainCell.swift in Sources */ = {isa = PBXBuildFile; fileRef = 19449D542601E13A0096BA6A /* MainCell.swift */; };
		19449D572601E13A0096BA6A /* MainCell.xib in Resources */ = {isa = PBXBuildFile; fileRef = 19449D552601E13A0096BA6A /* MainCell.xib */; };
/* End PBXBuildFile section */

/* Begin PBXFileReference section */
		193B450C25FB8D6400039B33 /* deliveryAp.app */ = {isa = PBXFileReference; explicitFileType = wrapper.application; includeInIndex = 0; path = deliveryAp.app; sourceTree = BUILT_PRODUCTS_DIR; };
		193B450F25FB8D6400039B33 /* AppDelegate.swift */ = {isa = PBXFileReference; lastKnownFileType = sourcecode.swift; path = AppDelegate.swift; sourceTree = "<group>"; };
		193B451125FB8D6400039B33 /* SceneDelegate.swift */ = {isa = PBXFileReference; lastKnownFileType = sourcecode.swift; path = SceneDelegate.swift; sourceTree = "<group>"; };
		193B451325FB8D6400039B33 /* ViewController.swift */ = {isa = PBXFileReference; lastKnownFileType = sourcecode.swift; path = ViewController.swift; sourceTree = "<group>"; };
		193B451625FB8D6400039B33 /* Base */ = {isa = PBXFileReference; lastKnownFileType = file.storyboard; name = Base; path = Base.lproj/Main.storyboard; sourceTree = "<group>"; };
		193B451825FB8D6700039B33 /* Assets.xcassets */ = {isa = PBXFileReference; lastKnownFileType = folder.assetcatalog; path = Assets.xcassets; sourceTree = "<group>"; };
		193B451B25FB8D6700039B33 /* Base */ = {isa = PBXFileReference; lastKnownFileType = file.storyboard; name = Base; path = Base.lproj/LaunchScreen.storyboard; sourceTree = "<group>"; };
		193B451D25FB8D6700039B33 /* Info.plist */ = {isa = PBXFileReference; lastKnownFileType = text.plist.xml; path = Info.plist; sourceTree = "<group>"; };
		193B452425FBA8CE00039B33 /* MenuViewController.swift */ = {isa = PBXFileReference; lastKnownFileType = sourcecode.swift; path = MenuViewController.swift; sourceTree = "<group>"; };
		193B452D25FBAA4A00039B33 /* ProductCell.swift */ = {isa = PBXFileReference; lastKnownFileType = sourcecode.swift; path = ProductCell.swift; sourceTree = "<group>"; };
		193B452E25FBAA4A00039B33 /* ProductCell.xib */ = {isa = PBXFileReference; lastKnownFileType = file.xib; path = ProductCell.xib; sourceTree = "<group>"; };
		193B453225FBADAB00039B33 /* MenuModel.swift */ = {isa = PBXFileReference; lastKnownFileType = sourcecode.swift; path = MenuModel.swift; sourceTree = "<group>"; };
		19449D3825FF94570096BA6A /* GroupCell.swift */ = {isa = PBXFileReference; lastKnownFileType = sourcecode.swift; path = GroupCell.swift; sourceTree = "<group>"; };
		19449D3925FF94570096BA6A /* GroupCell.xib */ = {isa = PBXFileReference; lastKnownFileType = file.xib; path = GroupCell.xib; sourceTree = "<group>"; };
		19449D3E2600C9DB0096BA6A /* MainViewController.swift */ = {isa = PBXFileReference; lastKnownFileType = sourcecode.swift; path = MainViewController.swift; sourceTree = "<group>"; };
		19449D542601E13A0096BA6A /* MainCell.swift */ = {isa = PBXFileReference; lastKnownFileType = sourcecode.swift; path = MainCell.swift; sourceTree = "<group>"; };
		19449D552601E13A0096BA6A /* MainCell.xib */ = {isa = PBXFileReference; lastKnownFileType = file.xib; path = MainCell.xib; sourceTree = "<group>"; };
/* End PBXFileReference section */

/* Begin PBXFrameworksBuildPhase section */
		193B450925FB8D6400039B33 /* Frameworks */ = {
			isa = PBXFrameworksBuildPhase;
			buildActionMask = 2147483647;
			files = (
			);
			runOnlyForDeploymentPostprocessing = 0;
		};
/* End PBXFrameworksBuildPhase section */

/* Begin PBXGroup section */
		193B450325FB8D6400039B33 = {
			isa = PBXGroup;
			children = (
				193B450E25FB8D6400039B33 /* deliveryAp */,
				193B450D25FB8D6400039B33 /* Products */,
			);
			sourceTree = "<group>";
		};
		193B450D25FB8D6400039B33 /* Products */ = {
			isa = PBXGroup;
			children = (
				193B450C25FB8D6400039B33 /* deliveryAp.app */,
			);
			name = Products;
			sourceTree = "<group>";
		};
		193B450E25FB8D6400039B33 /* deliveryAp */ = {
			isa = PBXGroup;
			children = (
				193B452725FBA9D400039B33 /* MenuCells */,
				193B450F25FB8D6400039B33 /* AppDelegate.swift */,
				193B451125FB8D6400039B33 /* SceneDelegate.swift */,
				193B451325FB8D6400039B33 /* ViewController.swift */,
				193B451525FB8D6400039B33 /* Main.storyboard */,
				193B451825FB8D6700039B33 /* Assets.xcassets */,
				193B451A25FB8D6700039B33 /* LaunchScreen.storyboard */,
				193B451D25FB8D6700039B33 /* Info.plist */,
				193B452425FBA8CE00039B33 /* MenuViewController.swift */,
				193B453225FBADAB00039B33 /* MenuModel.swift */,
				19449D3E2600C9DB0096BA6A /* MainViewController.swift */,
			);
			path = deliveryAp;
			sourceTree = "<group>";
		};
		193B452725FBA9D400039B33 /* MenuCells */ = {
			isa = PBXGroup;
			children = (
				193B452D25FBAA4A00039B33 /* ProductCell.swift */,
				193B452E25FBAA4A00039B33 /* ProductCell.xib */,
				19449D3825FF94570096BA6A /* GroupCell.swift */,
				19449D3925FF94570096BA6A /* GroupCell.xib */,
				19449D542601E13A0096BA6A /* MainCell.swift */,
				19449D552601E13A0096BA6A /* MainCell.xib */,
			);
			path = MenuCells;
			sourceTree = "<group>";
		};
/* End PBXGroup section */

/* Begin PBXNativeTarget section */
		193B450B25FB8D6400039B33 /* deliveryAp */ = {
			isa = PBXNativeTarget;
			buildConfigurationList = 193B452025FB8D6700039B33 /* Build configuration list for PBXNativeTarget "deliveryAp" */;
			buildPhases = (
				193B450825FB8D6400039B33 /* Sources */,
				193B450925FB8D6400039B33 /* Frameworks */,
				193B450A25FB8D6400039B33 /* Resources */,
			);
			buildRules = (
			);
			dependencies = (
			);
			name = deliveryAp;
			productName = deliveryAp;
			productReference = 193B450C25FB8D6400039B33 /* deliveryAp.app */;
			productType = "com.apple.product-type.application";
		};
/* End PBXNativeTarget section */

/* Begin PBXProject section */
		193B450425FB8D6400039B33 /* Project object */ = {
			isa = PBXProject;
			attributes = {
				LastSwiftUpdateCheck = 1240;
				LastUpgradeCheck = 1240;
				TargetAttributes = {
					193B450B25FB8D6400039B33 = {
						CreatedOnToolsVersion = 12.4;
					};
				};
			};
			buildConfigurationList = 193B450725FB8D6400039B33 /* Build configuration list for PBXProject "deliveryAp" */;
			compatibilityVersion = "Xcode 9.3";
			developmentRegion = en;
			hasScannedForEncodings = 0;
			knownRegions = (
				en,
				Base,
			);
			mainGroup = 193B450325FB8D6400039B33;
			productRefGroup = 193B450D25FB8D6400039B33 /* Products */;
			projectDirPath = "";
			projectRoot = "";
			targets = (
				193B450B25FB8D6400039B33 /* deliveryAp */,
			);
		};
/* End PBXProject section */

/* Begin PBXResourcesBuildPhase section */
		193B450A25FB8D6400039B33 /* Resources */ = {
			isa = PBXResourcesBuildPhase;
			buildActionMask = 2147483647;
			files = (
				193B451C25FB8D6700039B33 /* LaunchScreen.storyboard in Resources */,
				193B453025FBAA4A00039B33 /* ProductCell.xib in Resources */,
				19449D572601E13A0096BA6A /* MainCell.xib in Resources */,
				193B451925FB8D6700039B33 /* Assets.xcassets in Resources */,
				19449D3B25FF94570096BA6A /* GroupCell.xib in Resources */,
				193B451725FB8D6400039B33 /* Main.storyboard in Resources */,
			);
			runOnlyForDeploymentPostprocessing = 0;
		};
/* End PBXResourcesBuildPhase section */

/* Begin PBXSourcesBuildPhase section */
		193B450825FB8D6400039B33 /* Sources */ = {
			isa = PBXSourcesBuildPhase;
			buildActionMask = 2147483647;
			files = (
				19449D3A25FF94570096BA6A /* GroupCell.swift in Sources */,
				193B451425FB8D6400039B33 /* ViewController.swift in Sources */,
				193B451025FB8D6400039B33 /* AppDelegate.swift in Sources */,
				193B453325FBADAB00039B33 /* MenuModel.swift in Sources */,
				193B452F25FBAA4A00039B33 /* ProductCell.swift in Sources */,
				193B451225FB8D6400039B33 /* SceneDelegate.swift in Sources */,
				193B452525FBA8CE00039B33 /* MenuViewController.swift in Sources */,
				19449D3F2600C9DB0096BA6A /* MainViewController.swift in Sources */,
				19449D562601E13A0096BA6A /* MainCell.swift in Sources */,
			);
			runOnlyForDeploymentPostprocessing = 0;
		};
/* End PBXSourcesBuildPhase section */

/* Begin PBXVariantGroup section */
		193B451525FB8D6400039B33 /* Main.storyboard */ = {
			isa = PBXVariantGroup;
			children = (
				193B451625FB8D6400039B33 /* Base */,
			);
			name = Main.storyboard;
			sourceTree = "<group>";
		};
		193B451A25FB8D6700039B33 /* LaunchScreen.storyboard */ = {
			isa = PBXVariantGroup;
			children = (
				193B451B25FB8D6700039B33 /* Base */,
			);
			name = LaunchScreen.storyboard;
			sourceTree = "<group>";
		};
/* End PBXVariantGroup section */

/* Begin XCBuildConfiguration section */
		193B451E25FB8D6700039B33 /* Debug */ = {
			isa = XCBuildConfiguration;
			buildSettings = {
				ALWAYS_SEARCH_USER_PATHS = NO;
				CLANG_ANALYZER_NONNULL = YES;
				CLANG_ANALYZER_NUMBER_OBJECT_CONVERSION = YES_AGGRESSIVE;
				CLANG_CXX_LANGUAGE_STANDARD = "gnu++14";
				CLANG_CXX_LIBRARY = "libc++";
				CLANG_ENABLE_MODULES = YES;
				CLANG_ENABLE_OBJC_ARC = YES;
				CLANG_ENABLE_OBJC_WEAK = YES;
				CLANG_WARN_BLOCK_CAPTURE_AUTORELEASING = YES;
				CLANG_WARN_BOOL_CONVERSION = YES;
				CLANG_WARN_COMMA = YES;
				CLANG_WARN_CONSTANT_CONVERSION = YES;
				CLANG_WARN_DEPRECATED_OBJC_IMPLEMENTATIONS = YES;
				CLANG_WARN_DIRECT_OBJC_ISA_USAGE = YES_ERROR;
				CLANG_WARN_DOCUMENTATION_COMMENTS = YES;
				CLANG_WARN_EMPTY_BODY = YES;
				CLANG_WARN_ENUM_CONVERSION = YES;
				CLANG_WARN_INFINITE_RECURSION = YES;
				CLANG_WARN_INT_CONVERSION = YES;
				CLANG_WARN_NON_LITERAL_NULL_CONVERSION = YES;
				CLANG_WARN_OBJC_IMPLICIT_RETAIN_SELF = YES;
				CLANG_WARN_OBJC_LITERAL_CONVERSION = YES;
				CLANG_WARN_OBJC_ROOT_CLASS = YES_ERROR;
				CLANG_WARN_QUOTED_INCLUDE_IN_FRAMEWORK_HEADER = YES;
				CLANG_WARN_RANGE_LOOP_ANALYSIS = YES;
				CLANG_WARN_STRICT_PROTOTYPES = YES;
				CLANG_WARN_SUSPICIOUS_MOVE = YES;
				CLANG_WARN_UNGUARDED_AVAILABILITY = YES_AGGRESSIVE;
				CLANG_WARN_UNREACHABLE_CODE = YES;
				CLANG_WARN__DUPLICATE_METHOD_MATCH = YES;
				COPY_PHASE_STRIP = NO;
				DEBUG_INFORMATION_FORMAT = dwarf;
				ENABLE_STRICT_OBJC_MSGSEND = YES;
				ENABLE_TESTABILITY = YES;
				GCC_C_LANGUAGE_STANDARD = gnu11;
				GCC_DYNAMIC_NO_PIC = NO;
				GCC_NO_COMMON_BLOCKS = YES;
				GCC_OPTIMIZATION_LEVEL = 0;
				GCC_PREPROCESSOR_DEFINITIONS = (
					"DEBUG=1",
					"$(inherited)",
				);
				GCC_WARN_64_TO_32_BIT_CONVERSION = YES;
				GCC_WARN_ABOUT_RETURN_TYPE = YES_ERROR;
				GCC_WARN_UNDECLARED_SELECTOR = YES;
				GCC_WARN_UNINITIALIZED_AUTOS = YES_AGGRESSIVE;
				GCC_WARN_UNUSED_FUNCTION = YES;
				GCC_WARN_UNUSED_VARIABLE = YES;
				IPHONEOS_DEPLOYMENT_TARGET = 14.4;
				MTL_ENABLE_DEBUG_INFO = INCLUDE_SOURCE;
				MTL_FAST_MATH = YES;
				ONLY_ACTIVE_ARCH = YES;
				SDKROOT = iphoneos;
				SWIFT_ACTIVE_COMPILATION_CONDITIONS = DEBUG;
				SWIFT_OPTIMIZATION_LEVEL = "-Onone";
			};
			name = Debug;
		};
		193B451F25FB8D6700039B33 /* Release */ = {
			isa = XCBuildConfiguration;
			buildSettings = {
				ALWAYS_SEARCH_USER_PATHS = NO;
				CLANG_ANALYZER_NONNULL = YES;
				CLANG_ANALYZER_NUMBER_OBJECT_CONVERSION = YES_AGGRESSIVE;
				CLANG_CXX_LANGUAGE_STANDARD = "gnu++14";
				CLANG_CXX_LIBRARY = "libc++";
				CLANG_ENABLE_MODULES = YES;
				CLANG_ENABLE_OBJC_ARC = YES;
				CLANG_ENABLE_OBJC_WEAK = YES;
				CLANG_WARN_BLOCK_CAPTURE_AUTORELEASING = YES;
				CLANG_WARN_BOOL_CONVERSION = YES;
				CLANG_WARN_COMMA = YES;
				CLANG_WARN_CONSTANT_CONVERSION = YES;
				CLANG_WARN_DEPRECATED_OBJC_IMPLEMENTATIONS = YES;
				CLANG_WARN_DIRECT_OBJC_ISA_USAGE = YES_ERROR;
				CLANG_WARN_DOCUMENTATION_COMMENTS = YES;
				CLANG_WARN_EMPTY_BODY = YES;
				CLANG_WARN_ENUM_CONVERSION = YES;
				CLANG_WARN_INFINITE_RECURSION = YES;
				CLANG_WARN_INT_CONVERSION = YES;
				CLANG_WARN_NON_LITERAL_NULL_CONVERSION = YES;
				CLANG_WARN_OBJC_IMPLICIT_RETAIN_SELF = YES;
				CLANG_WARN_OBJC_LITERAL_CONVERSION = YES;
				CLANG_WARN_OBJC_ROOT_CLASS = YES_ERROR;
				CLANG_WARN_QUOTED_INCLUDE_IN_FRAMEWORK_HEADER = YES;
				CLANG_WARN_RANGE_LOOP_ANALYSIS = YES;
				CLANG_WARN_STRICT_PROTOTYPES = YES;
				CLANG_WARN_SUSPICIOUS_MOVE = YES;
				CLANG_WARN_UNGUARDED_AVAILABILITY = YES_AGGRESSIVE;
				CLANG_WARN_UNREACHABLE_CODE = YES;
				CLANG_WARN__DUPLICATE_METHOD_MATCH = YES;
				COPY_PHASE_STRIP = NO;
				DEBUG_INFORMATION_FORMAT = "dwarf-with-dsym";
				ENABLE_NS_ASSERTIONS = NO;
				ENABLE_STRICT_OBJC_MSGSEND = YES;
				GCC_C_LANGUAGE_STANDARD = gnu11;
				GCC_NO_COMMON_BLOCKS = YES;
				GCC_WARN_64_TO_32_BIT_CONVERSION = YES;
				GCC_WARN_ABOUT_RETURN_TYPE = YES_ERROR;
				GCC_WARN_UNDECLARED_SELECTOR = YES;
				GCC_WARN_UNINITIALIZED_AUTOS = YES_AGGRESSIVE;
				GCC_WARN_UNUSED_FUNCTION = YES;
				GCC_WARN_UNUSED_VARIABLE = YES;
				IPHONEOS_DEPLOYMENT_TARGET = 14.4;
				MTL_ENABLE_DEBUG_INFO = NO;
				MTL_FAST_MATH = YES;
				SDKROOT = iphoneos;
				SWIFT_COMPILATION_MODE = wholemodule;
				SWIFT_OPTIMIZATION_LEVEL = "-O";
				VALIDATE_PRODUCT = YES;
			};
			name = Release;
		};
		193B452125FB8D6700039B33 /* Debug */ = {
			isa = XCBuildConfiguration;
			buildSettings = {
				ASSETCATALOG_COMPILER_APPICON_NAME = AppIcon;
				ASSETCATALOG_COMPILER_GLOBAL_ACCENT_COLOR_NAME = AccentColor;
				CODE_SIGN_STYLE = Automatic;
				INFOPLIST_FILE = deliveryAp/Info.plist;
				LD_RUNPATH_SEARCH_PATHS = (
					"$(inherited)",
					"@executable_path/Frameworks",
				);
				PRODUCT_BUNDLE_IDENTIFIER = namenik.deliveryAp;
				PRODUCT_NAME = "$(TARGET_NAME)";
				SWIFT_VERSION = 5.0;
				TARGETED_DEVICE_FAMILY = "1,2";
			};
			name = Debug;
		};
		193B452225FB8D6700039B33 /* Release */ = {
			isa = XCBuildConfiguration;
			buildSettings = {
				ASSETCATALOG_COMPILER_APPICON_NAME = AppIcon;
				ASSETCATALOG_COMPILER_GLOBAL_ACCENT_COLOR_NAME = AccentColor;
				CODE_SIGN_STYLE = Automatic;
				INFOPLIST_FILE = deliveryAp/Info.plist;
				LD_RUNPATH_SEARCH_PATHS = (
					"$(inherited)",
					"@executable_path/Frameworks",
				);
				PRODUCT_BUNDLE_IDENTIFIER = namenik.deliveryAp;
				PRODUCT_NAME = "$(TARGET_NAME)";
				SWIFT_VERSION = 5.0;
				TARGETED_DEVICE_FAMILY = "1,2";
			};
			name = Release;
		};
/* End XCBuildConfiguration section */

/* Begin XCConfigurationList section */
		193B450725FB8D6400039B33 /* Build configuration list for PBXProject "deliveryAp" */ = {
			isa = XCConfigurationList;
			buildConfigurations = (
				193B451E25FB8D6700039B33 /* Debug */,
				193B451F25FB8D6700039B33 /* Release */,
			);
			defaultConfigurationIsVisible = 0;
			defaultConfigurationName = Release;
		};
		193B452025FB8D6700039B33 /* Build configuration list for PBXNativeTarget "deliveryAp" */ = {
			isa = XCConfigurationList;
			buildConfigurations = (
				193B452125FB8D6700039B33 /* Debug */,
				193B452225FB8D6700039B33 /* Release */,
			);
			defaultConfigurationIsVisible = 0;
			defaultConfigurationName = Release;
		};
/* End XCConfigurationList section */
	};
	rootObject = 193B450425FB8D6400039B33 /* Project object */;
}
